
Microsoft Visual Studio Solution File, Format Version 12.00
# Visual Studio 15
VisualStudioVersion = 15.0.26124.0
MinimumVisualStudioVersion = 15.0.26124.0
Project("{F2A71F9B-5D33-465A-A702-920D77279786}") = "Ghost", "Ghost\Ghost.fsproj", "{BEBD80B7-1B87-479B-ABE1-675C238DB249}"
EndProject
Project("{F2A71F9B-5D33-465A-A702-920D77279786}") = "Ghost.Test", "Ghost.Test\Ghost.Test.fsproj", "{F1E133CD-01F4-4E82-8FBA-F74DD8B87C50}"
EndProject
Global
	GlobalSection(SolutionProperties) = preSolution
		HideSolutionNode = FALSE
	EndGlobalSection
	GlobalSection(SolutionConfigurationPlatforms) = preSolution
		Debug|Any CPU = Debug|Any CPU
		Debug|x64 = Debug|x64
		Debug|x86 = Debug|x86
		Release|Any CPU = Release|Any CPU
		Release|x64 = Release|x64
		Release|x86 = Release|x86
	EndGlobalSection
	GlobalSection(ProjectConfigurationPlatforms) = postSolution
		{BEBD80B7-1B87-479B-ABE1-675C238DB249}.Debug|Any CPU.ActiveCfg = Debug|Any CPU
		{BEBD80B7-1B87-479B-ABE1-675C238DB249}.Debug|Any CPU.Build.0 = Debug|Any CPU
		{BEBD80B7-1B87-479B-ABE1-675C238DB249}.Debug|x64.ActiveCfg = Debug|Any CPU
		{BEBD80B7-1B87-479B-ABE1-675C238DB249}.Debug|x64.Build.0 = Debug|Any CPU
		{BEBD80B7-1B87-479B-ABE1-675C238DB249}.Debug|x86.ActiveCfg = Debug|Any CPU
		{BEBD80B7-1B87-479B-ABE1-675C238DB249}.Debug|x86.Build.0 = Debug|Any CPU
		{BEBD80B7-1B87-479B-ABE1-675C238DB249}.Release|Any CPU.ActiveCfg = Release|Any CPU
		{BEBD80B7-1B87-479B-ABE1-675C238DB249}.Release|Any CPU.Build.0 = Release|Any CPU
		{BEBD80B7-1B87-479B-ABE1-675C238DB249}.Release|x64.ActiveCfg = Release|Any CPU
		{BEBD80B7-1B87-479B-ABE1-675C238DB249}.Release|x64.Build.0 = Release|Any CPU
		{BEBD80B7-1B87-479B-ABE1-675C238DB249}.Release|x86.ActiveCfg = Release|Any CPU
		{BEBD80B7-1B87-479B-ABE1-675C238DB249}.Release|x86.Build.0 = Release|Any CPU
		{F1E133CD-01F4-4E82-8FBA-F74DD8B87C50}.Debug|Any CPU.ActiveCfg = Debug|Any CPU
		{F1E133CD-01F4-4E82-8FBA-F74DD8B87C50}.Debug|Any CPU.Build.0 = Debug|Any CPU
		{F1E133CD-01F4-4E82-8FBA-F74DD8B87C50}.Debug|x64.ActiveCfg = Debug|Any CPU
		{F1E133CD-01F4-4E82-8FBA-F74DD8B87C50}.Debug|x64.Build.0 = Debug|Any CPU
		{F1E133CD-01F4-4E82-8FBA-F74DD8B87C50}.Debug|x86.ActiveCfg = Debug|Any CPU
		{F1E133CD-01F4-4E82-8FBA-F74DD8B87C50}.Debug|x86.Build.0 = Debug|Any CPU
		{F1E133CD-01F4-4E82-8FBA-F74DD8B87C50}.Release|Any CPU.ActiveCfg = Release|Any CPU
		{F1E133CD-01F4-4E82-8FBA-F74DD8B87C50}.Release|Any CPU.Build.0 = Release|Any CPU
		{F1E133CD-01F4-4E82-8FBA-F74DD8B87C50}.Release|x64.ActiveCfg = Release|Any CPU
		{F1E133CD-01F4-4E82-8FBA-F74DD8B87C50}.Release|x64.Build.0 = Release|Any CPU
		{F1E133CD-01F4-4E82-8FBA-F74DD8B87C50}.Release|x86.ActiveCfg = Release|Any CPU
		{F1E133CD-01F4-4E82-8FBA-F74DD8B87C50}.Release|x86.Build.0 = Release|Any CPU
	EndGlobalSection
EndGlobal
